
Microsoft Visual Studio Solution File, Format Version 12.00
# Visual Studio Version 17
VisualStudioVersion = 17.2.32630.192
MinimumVisualStudioVersion = 10.0.40219.1
Project("{FAE04EC0-301F-11D3-BF4B-00C04F79EFBC}") = "layihe1", "layihe1\layihe1.csproj", "{DBE66E2B-9083-4B99-8ADD-F9FB41B13D0C}"
EndProject
Global
	GlobalSection(SolutionConfigurationPlatforms) = preSolution
		Debug|Any CPU = Debug|Any CPU
		Release|Any CPU = Release|Any CPU
	EndGlobalSection
	GlobalSection(ProjectConfigurationPlatforms) = postSolution
		{DBE66E2B-9083-4B99-8ADD-F9FB41B13D0C}.Debug|Any CPU.ActiveCfg = Debug|Any CPU
		{DBE66E2B-9083-4B99-8ADD-F9FB41B13D0C}.Debug|Any CPU.Build.0 = Debug|Any CPU
		{DBE66E2B-9083-4B99-8ADD-F9FB41B13D0C}.Release|Any CPU.ActiveCfg = Release|Any CPU
		{DBE66E2B-9083-4B99-8ADD-F9FB41B13D0C}.Release|Any CPU.Build.0 = Release|Any CPU
	EndGlobalSection
	GlobalSection(SolutionProperties) = preSolution
		HideSolutionNode = FALSE
	EndGlobalSection
	GlobalSection(ExtensibilityGlobals) = postSolution
		SolutionGuid = {6ABF20D9-6B08-40B4-A49E-F1D3791500C6}
	EndGlobalSection
EndGlobal
